
Microsoft Visual Studio Solution File, Format Version 12.00
# Visual Studio Version 17
VisualStudioVersion = 17.11.35327.3
MinimumVisualStudioVersion = 10.0.40219.1
Project("{8BC9CEB8-8B4A-11D0-8D11-00A0C91BC942}") = "Dot_Product", "Dot_Product.vcxproj", "{171123ED-930E-456A-B549-9715189B886C}"
EndProject
Global
	GlobalSection(SolutionConfigurationPlatforms) = preSolution
		Debug|x64 = Debug|x64
		Debug|x86 = Debug|x86
		Release|x64 = Release|x64
		Release|x86 = Release|x86
	EndGlobalSection
	GlobalSection(ProjectConfigurationPlatforms) = postSolution
		{171123ED-930E-456A-B549-9715189B886C}.Debug|x64.ActiveCfg = Debug|x64
		{171123ED-930E-456A-B549-9715189B886C}.Debug|x64.Build.0 = Debug|x64
		{171123ED-930E-456A-B549-9715189B886C}.Debug|x86.ActiveCfg = Debug|Win32
		{171123ED-930E-456A-B549-9715189B886C}.Debug|x86.Build.0 = Debug|Win32
		{171123ED-930E-456A-B549-9715189B886C}.Release|x64.ActiveCfg = Release|x64
		{171123ED-930E-456A-B549-9715189B886C}.Release|x64.Build.0 = Release|x64
		{171123ED-930E-456A-B549-9715189B886C}.Release|x86.ActiveCfg = Release|Win32
		{171123ED-930E-456A-B549-9715189B886C}.Release|x86.Build.0 = Release|Win32
	EndGlobalSection
	GlobalSection(SolutionProperties) = preSolution
		HideSolutionNode = FALSE
	EndGlobalSection
	GlobalSection(ExtensibilityGlobals) = postSolution
		SolutionGuid = {219C247C-FDB4-4D31-8C66-CC928E7EC103}
	EndGlobalSection
EndGlobal
